<Solution>
  <Folder Name="/Элементы решения/">
    <File Path="docker-compose.yml" />
    <File Path="DockerFile.txt" />
  </Folder>
  <Project Path="API/API.csproj" />
  <Project Path="Application/Application.csproj" />
  <Project Path="Domain/Domain.csproj" />
  <Project Path="Infrastructure/Infrastructure.csproj" />
  <Project Path="Tests/Tests.csproj" />
</Solution>
