<Solution>
  <Folder Name="/.github/" />
  <Folder Name="/.github/workflows/">
    <File Path="ci.yml" />
  </Folder>
  <Folder Name="/Элементы решения/">
    <File Path="docker-compose.yml" />
    <File Path="DockerFile.txt" />
    <File Path="README.md" />
  </Folder>
  <Project Path="API/API.csproj" />
  <Project Path="Application/Application.csproj" />
  <Project Path="Domain/Domain.csproj" />
  <Project Path="Infrastructure/Infrastructure.csproj" />
  <Project Path="Tests/Tests.csproj" />
</Solution>
